
Microsoft Visual Studio Solution File, Format Version 12.00
# Visual Studio Version 17
VisualStudioVersion = 17.2.32616.157
MinimumVisualStudioVersion = 10.0.40219.1
Project("{FAE04EC0-301F-11D3-BF4B-00C04F79EFBC}") = "PdfExtractorCsharp1", "PdfExtractorCsharp1\PdfExtractorCsharp1.csproj", "{2CC5F18C-C31A-4533-9C37-C13E1CDD2203}"
EndProject
Global
	GlobalSection(SolutionConfigurationPlatforms) = preSolution
		Debug|Any CPU = Debug|Any CPU
		Release|Any CPU = Release|Any CPU
	EndGlobalSection
	GlobalSection(ProjectConfigurationPlatforms) = postSolution
		{2CC5F18C-C31A-4533-9C37-C13E1CDD2203}.Debug|Any CPU.ActiveCfg = Debug|Any CPU
		{2CC5F18C-C31A-4533-9C37-C13E1CDD2203}.Debug|Any CPU.Build.0 = Debug|Any CPU
		{2CC5F18C-C31A-4533-9C37-C13E1CDD2203}.Release|Any CPU.ActiveCfg = Release|Any CPU
		{2CC5F18C-C31A-4533-9C37-C13E1CDD2203}.Release|Any CPU.Build.0 = Release|Any CPU
	EndGlobalSection
	GlobalSection(SolutionProperties) = preSolution
		HideSolutionNode = FALSE
	EndGlobalSection
	GlobalSection(ExtensibilityGlobals) = postSolution
		SolutionGuid = {41AF6E63-FDA7-4956-B57E-D05E170927C5}
	EndGlobalSection
EndGlobal
